
Microsoft Visual Studio Solution File, Format Version 12.00
# Visual Studio Version 17
VisualStudioVersion = 17.0.31903.59
MinimumVisualStudioVersion = 10.0.40219.1
Project("{FAE04EC0-301F-11D3-BF4B-00C04F79EFBC}") = "PetFamily.API", "src\PetFamily.API\PetFamily.API.csproj", "{66EECE30-030C-4DFF-9CA4-88FBFC496939}"
EndProject
Project("{FAE04EC0-301F-11D3-BF4B-00C04F79EFBC}") = "PetFamily.Infrastructure", "src\PetFamily.Infrastructure\PetFamily.Infrastructure.csproj", "{A9C92E6F-448D-47E5-9A17-0FCF7B726748}"
EndProject
Project("{FAE04EC0-301F-11D3-BF4B-00C04F79EFBC}") = "PetFamily.Domain", "src\PetFamily.Domain\PetFamily.Domain.csproj", "{37BF1E78-1C36-47C0-A193-287771C2BEB0}"
EndProject
Project("{FAE04EC0-301F-11D3-BF4B-00C04F79EFBC}") = "PetFamily.Application", "src\PetFamily.Application\PetFamily.Application.csproj", "{1FD8CD3A-BA80-4C7C-B191-26AF9CB82523}"
EndProject
Global
	GlobalSection(SolutionConfigurationPlatforms) = preSolution
		Debug|Any CPU = Debug|Any CPU
		Release|Any CPU = Release|Any CPU
	EndGlobalSection
	GlobalSection(ProjectConfigurationPlatforms) = postSolution
		{66EECE30-030C-4DFF-9CA4-88FBFC496939}.Debug|Any CPU.ActiveCfg = Debug|Any CPU
		{66EECE30-030C-4DFF-9CA4-88FBFC496939}.Debug|Any CPU.Build.0 = Debug|Any CPU
		{66EECE30-030C-4DFF-9CA4-88FBFC496939}.Release|Any CPU.ActiveCfg = Release|Any CPU
		{66EECE30-030C-4DFF-9CA4-88FBFC496939}.Release|Any CPU.Build.0 = Release|Any CPU
		{A9C92E6F-448D-47E5-9A17-0FCF7B726748}.Debug|Any CPU.ActiveCfg = Debug|Any CPU
		{A9C92E6F-448D-47E5-9A17-0FCF7B726748}.Debug|Any CPU.Build.0 = Debug|Any CPU
		{A9C92E6F-448D-47E5-9A17-0FCF7B726748}.Release|Any CPU.ActiveCfg = Release|Any CPU
		{A9C92E6F-448D-47E5-9A17-0FCF7B726748}.Release|Any CPU.Build.0 = Release|Any CPU
		{37BF1E78-1C36-47C0-A193-287771C2BEB0}.Debug|Any CPU.ActiveCfg = Debug|Any CPU
		{37BF1E78-1C36-47C0-A193-287771C2BEB0}.Debug|Any CPU.Build.0 = Debug|Any CPU
		{37BF1E78-1C36-47C0-A193-287771C2BEB0}.Release|Any CPU.ActiveCfg = Release|Any CPU
		{37BF1E78-1C36-47C0-A193-287771C2BEB0}.Release|Any CPU.Build.0 = Release|Any CPU
		{1FD8CD3A-BA80-4C7C-B191-26AF9CB82523}.Debug|Any CPU.ActiveCfg = Debug|Any CPU
		{1FD8CD3A-BA80-4C7C-B191-26AF9CB82523}.Debug|Any CPU.Build.0 = Debug|Any CPU
		{1FD8CD3A-BA80-4C7C-B191-26AF9CB82523}.Release|Any CPU.ActiveCfg = Release|Any CPU
		{1FD8CD3A-BA80-4C7C-B191-26AF9CB82523}.Release|Any CPU.Build.0 = Release|Any CPU
	EndGlobalSection
	GlobalSection(SolutionProperties) = preSolution
		HideSolutionNode = FALSE
	EndGlobalSection
	GlobalSection(ExtensibilityGlobals) = postSolution
		SolutionGuid = {F37021DD-A5F3-4EDB-A86D-A36B1B061BBB}
	EndGlobalSection
EndGlobal
